
Microsoft Visual Studio Solution File, Format Version 12.00
# Visual Studio Version 16
VisualStudioVersion = 16.0.31205.134
MinimumVisualStudioVersion = 10.0.40219.1
Project("{FAE04EC0-301F-11D3-BF4B-00C04F79EFBC}") = "DemoChat.WebApi", "DemoChat.WebApi.csproj", "{5F34A7DA-852B-4D0E-AFFB-E22980B2CB8D}"
EndProject
Global
	GlobalSection(SolutionConfigurationPlatforms) = preSolution
		Debug|Any CPU = Debug|Any CPU
		Release|Any CPU = Release|Any CPU
	EndGlobalSection
	GlobalSection(ProjectConfigurationPlatforms) = postSolution
		{5F34A7DA-852B-4D0E-AFFB-E22980B2CB8D}.Debug|Any CPU.ActiveCfg = Debug|Any CPU
		{5F34A7DA-852B-4D0E-AFFB-E22980B2CB8D}.Debug|Any CPU.Build.0 = Debug|Any CPU
		{5F34A7DA-852B-4D0E-AFFB-E22980B2CB8D}.Release|Any CPU.ActiveCfg = Release|Any CPU
		{5F34A7DA-852B-4D0E-AFFB-E22980B2CB8D}.Release|Any CPU.Build.0 = Release|Any CPU
	EndGlobalSection
	GlobalSection(SolutionProperties) = preSolution
		HideSolutionNode = FALSE
	EndGlobalSection
	GlobalSection(ExtensibilityGlobals) = postSolution
		SolutionGuid = {1AA6D6DF-2FB7-43EF-909E-64F4AA6DDBB9}
	EndGlobalSection
EndGlobal
